PODS:
  - Alamofire (3.4.2)
  - AwesomeCache (3.0.1)
  - Bolts (1.8.4):
    - Bolts/AppLinks (= 1.8.4)
    - Bolts/Tasks (= 1.8.4)
  - Bolts/AppLinks (1.8.4):
    - Bolts/Tasks
  - Bolts/Tasks (1.8.4)
  - Bond (4.3.1)
  - Crashlytics (3.8.2):
    - Fabric (~> 1.6.3)
  - DualSlideMenu (1.7.1)
  - DZNEmptyDataSet (1.8)
  - Fabric (1.6.9)
  - FBSDKCoreKit (4.11.0):
    - Bolts (~> 1.7)
  - FBSDKLoginKit (4.11.0):
    - FBSDKCoreKit
  - FLTextView (1.0.5):
    - FLTextView/Default (= 1.0.5)
  - FLTextView/Default (1.0.5)
  - ImagePicker (1.4.0)
  - IQKeyboardManager (4.0.2)
  - JTAppleCalendar (5.0.1)
  - Kingfisher (2.4.0)
  - LKAlertController (1.9.1)
  - Nimble (4.1.0)
  - PureLayout (3.0.2)
  - Quick (0.9.3)
  - R.swift (2.4.0):
    - R.swift.Library (~> 2.2.0)
  - R.swift.Library (2.2.0)
  - Router (1.0.0)
  - SlackTextViewController (1.9.2)
  - SVProgressHUD (2.0.3)
  - SwiftMoment (0.5.1)
  - SwiftPaginator (1.0.1)
  - ThreeDegreesClient (1.0.0):
    - Alamofire (~> 3.4.1)
  - TSMarkdownParser (2.1.3)
  - UIImageView-Letters (1.1.4)

DEPENDENCIES:
  - AwesomeCache (= 3.0.1)
  - Bond (= 4.3.1)
  - Crashlytics
  - DualSlideMenu (= 1.7.1)
  - DZNEmptyDataSet (= 1.8)
  - Fabric
  - FBSDKCoreKit (= 4.11)
  - FBSDKLoginKit (= 4.11)
  - FLTextView (from `https://github.com/freeletics/FLTextView.git`, tag `1.0.5`)
  - ImagePicker (from `https://github.com/rlmartin/ImagePicker.git`, branch `swift-2.3`)
  - IQKeyboardManager (= 4.0.2)
  - JTAppleCalendar (= 5.0.1)
  - Kingfisher (= 2.4.0)
  - LKAlertController (= 1.9.1)
  - Nimble (= 4.1.0)
  - PureLayout (= 3.0.2)
  - Quick (= 0.9.3)
  - R.swift (= 2.4.0)
  - Router (from `https://github.com/rlmartin/Router.git`, branch `swift-2.0`)
  - SlackTextViewController (= 1.9.2)
  - SVProgressHUD (= 2.0.3)
  - SwiftMoment (= 0.5.1)
  - SwiftPaginator (= 1.0.1)
  - ThreeDegreesClient (from `https://github.com/3degreesapp/3degrees-swift-client.git`)
  - TSMarkdownParser (from `https://github.com/rlmartin/TSMarkdownParser.git`)
  - UIImageView-Letters (= 1.1.4)

EXTERNAL SOURCES:
  FLTextView:
    :git: https://github.com/freeletics/FLTextView.git
    :tag: 1.0.5
  ImagePicker:
    :branch: swift-2.3
    :git: https://github.com/rlmartin/ImagePicker.git
  Router:
    :branch: swift-2.0
    :git: https://github.com/rlmartin/Router.git
  ThreeDegreesClient:
    :git: https://github.com/3degreesapp/3degrees-swift-client.git
  TSMarkdownParser:
    :git: https://github.com/rlmartin/TSMarkdownParser.git

CHECKOUT OPTIONS:
  FLTextView:
    :git: https://github.com/freeletics/FLTextView.git
    :tag: 1.0.5
  ImagePicker:
    :commit: f5fd08c9a3561c5f468de06116f9a6dfc7ef5a85
    :git: https://github.com/rlmartin/ImagePicker.git
  Router:
    :commit: f8163cec278fbd548d907357d4625661fb4cafa3
    :git: https://github.com/rlmartin/Router.git
  ThreeDegreesClient:
    :commit: b8253421936c327f449df9d30fcf1544324d8c0f
    :git: https://github.com/3degreesapp/3degrees-swift-client.git
  TSMarkdownParser:
    :commit: 32e24b33c3db7851d3781b276bc796f17242faf5
    :git: https://github.com/rlmartin/TSMarkdownParser.git

SPEC CHECKSUMS:
  Alamofire: 6aa33201d20d069e1598891cf928883ff1888c7a
  AwesomeCache: a1561c926b6cf812c5f3f4262ea22e20bf8323c1
  Bolts: 8a7995239dbe724f9cba2248b766d48b7ebdd322
  Bond: 55903fc67f09e8e49791a657163cabba1d6fb29d
  Crashlytics: 27acca95a01b042a8294291dd6dff27f8f6af6d7
  DualSlideMenu: c81d55c3b61c0053abdaadf000a7b32d7956245e
  DZNEmptyDataSet: d2351b2e8daefa40433ef292e246e21f6be31a7b
  Fabric: bc5bec42cef4bcf1ee3ce0e218fc518e4b44dfbb
  FBSDKCoreKit: 686ac982723a14ec9ddb85e2f81235d7706c891b
  FBSDKLoginKit: bade9fc78277764149ccc5bfaadbf13c83175c6a
  FLTextView: eac36e475bb81cd3369802207c6ba66c3129501e
  ImagePicker: 6659ccdd4737bfa14ed3b4aa7ffe18b193d92a0c
  IQKeyboardManager: 2341089c4ae25fa2fa82ce356a259fcd267dc6b6
  JTAppleCalendar: cb2417b1f3367d1993e31720a663646742139a5c
  Kingfisher: 9171a424ee7f8031f518f649bb850d1eab541247
  LKAlertController: 1e85a645e0bd3223a8f79abb9b7b54fe10036f6f
  Nimble: 97a0a4cae5124c117115634b2d055d8c97d0af19
  PureLayout: 4d550abe49a94f24c2808b9b95db9131685fe4cd
  Quick: 13a2a2b19a5d8e3ed4fd0c36ee46597fd77ebf71
  R.swift: 0ef9c42dc6c94ac44a3c78a7639c73f855a8e159
  R.swift.Library: 31a487b65381f37a7d203a6f1f935b43c9be35b0
  Router: 6088d6d321e097070d5ea4bd792cb015dfa0fbb4
  SlackTextViewController: bac3350ccc639bc446bb14cbd09da238f5e01f32
  SVProgressHUD: b0830714205bea1317ea1a2ebc71e5633af334d4
  SwiftMoment: 469c0734b5d4d6631a15a91f8093cf436c3cbb7c
  SwiftPaginator: 70cd05296e612a13b1882667d583621de8053354
  ThreeDegreesClient: 32c53b43699f4b61d4e16ca391fa4547e0721b62
  TSMarkdownParser: 114779f14d46e7fc6d9880d4797e5abcc01f92c3
  UIImageView-Letters: f62db28076797adf3560ab7410647dc6899b9eef

PODFILE CHECKSUM: 7ef8bbc1e7f62054267f94d8e0af402aa74e0fce

COCOAPODS: 1.2.1
